
Microsoft Visual Studio Solution File, Format Version 12.00
# Visual Studio Version 16
VisualStudioVersion = 25.0.1706.0
MinimumVisualStudioVersion = 10.0.40219.1
Project("{FAE04EC0-301F-11D3-BF4B-00C04F79EFBC}") = "Contador Empresarial", "Contador Empresarial\Contador Empresarial.csproj", "{2719DA45-F08A-48E7-B2F4-560E59CBC248}"
EndProject
Global
	GlobalSection(SolutionConfigurationPlatforms) = preSolution
		Debug|Any CPU = Debug|Any CPU
		Release|Any CPU = Release|Any CPU
	EndGlobalSection
	GlobalSection(ProjectConfigurationPlatforms) = postSolution
		{2719DA45-F08A-48E7-B2F4-560E59CBC248}.Debug|Any CPU.ActiveCfg = Debug|Any CPU
		{2719DA45-F08A-48E7-B2F4-560E59CBC248}.Debug|Any CPU.Build.0 = Debug|Any CPU
		{2719DA45-F08A-48E7-B2F4-560E59CBC248}.Release|Any CPU.ActiveCfg = Release|Any CPU
		{2719DA45-F08A-48E7-B2F4-560E59CBC248}.Release|Any CPU.Build.0 = Release|Any CPU
	EndGlobalSection
	GlobalSection(SolutionProperties) = preSolution
		HideSolutionNode = FALSE
	EndGlobalSection
	GlobalSection(ExtensibilityGlobals) = postSolution
		SolutionGuid = {2044F41C-AC6F-40C0-AD56-9A2567CF8531}
	EndGlobalSection
EndGlobal
